
Microsoft Visual Studio Solution File, Format Version 12.00
# Visual Studio 15
VisualStudioVersion = 15.0.28307.539
MinimumVisualStudioVersion = 10.0.40219.1
Project("{FAE04EC0-301F-11D3-BF4B-00C04F79EFBC}") = "TestApplicationWPF", "TestApplicationWPF\TestApplicationWPF.csproj", "{236C3E19-26D1-4C90-AF3D-A44696B641DE}"
EndProject
Project("{FAE04EC0-301F-11D3-BF4B-00C04F79EFBC}") = "De.TorstenMandelkow.MetroChart.WPF", "De.TorstenMandelkow.MetroChart.WPF\De.TorstenMandelkow.MetroChart.WPF.csproj", "{4AB4B0DB-780C-48B9-A642-8E527353D957}"
EndProject
Project("{2150E333-8FDC-42A3-9474-1A3956D46DE8}") = "Solution Items", "Solution Items", "{234C2733-4068-470F-96ED-D111EBF9A10E}"
	ProjectSection(SolutionItems) = preProject
		XAMLReplace.targets = XAMLReplace.targets
	EndProjectSection
EndProject
Project("{2150E333-8FDC-42A3-9474-1A3956D46DE8}") = "Libraries", "Libraries", "{5AF34993-CF54-45A1-A3E1-5EFDC7794BC1}"
EndProject
Project("{2150E333-8FDC-42A3-9474-1A3956D46DE8}") = "TestApplications", "TestApplications", "{C1E46203-E3D8-47EE-B26F-39013E9F102C}"
EndProject
Project("{FAE04EC0-301F-11D3-BF4B-00C04F79EFBC}") = "TestApplication.Shared", "TestApplication.Shared\TestApplication.Shared.csproj", "{BE0FB0DA-8BC0-4604-B865-F0DFC7E9FF10}"
EndProject
Project("{FAE04EC0-301F-11D3-BF4B-00C04F79EFBC}") = "De.TorstenMandelkow.MetroChart.WinRT", "De.TorstenMandelkow.MetroChart.WinRT\De.TorstenMandelkow.MetroChart.WinRT.csproj", "{91F912AF-424B-4D39-A245-DB3C61384041}"
EndProject
Project("{FAE04EC0-301F-11D3-BF4B-00C04F79EFBC}") = "De.TorstenMandelkow.MetroChart", "De.TorstenMandelkow.MetroChart\De.TorstenMandelkow.MetroChart.csproj", "{FA286411-E476-4BD0-ABE9-7AE69226069C}"
EndProject
Project("{FAE04EC0-301F-11D3-BF4B-00C04F79EFBC}") = "ModernUIChart.UWP", "ModernUIChart.UWP\ModernUIChart.UWP.csproj", "{B6C7F5EA-40E4-4869-AC9D-9A06310F02C4}"
EndProject
Global
	GlobalSection(SolutionConfigurationPlatforms) = preSolution
		Debug|Any CPU = Debug|Any CPU
		Debug|ARM = Debug|ARM
		Debug|ARM64 = Debug|ARM64
		Debug|x64 = Debug|x64
		Debug|x86 = Debug|x86
		Release|Any CPU = Release|Any CPU
		Release|ARM = Release|ARM
		Release|ARM64 = Release|ARM64
		Release|x64 = Release|x64
		Release|x86 = Release|x86
	EndGlobalSection
	GlobalSection(ProjectConfigurationPlatforms) = postSolution
		{236C3E19-26D1-4C90-AF3D-A44696B641DE}.Debug|Any CPU.ActiveCfg = Debug|Any CPU
		{236C3E19-26D1-4C90-AF3D-A44696B641DE}.Debug|Any CPU.Build.0 = Debug|Any CPU
		{236C3E19-26D1-4C90-AF3D-A44696B641DE}.Debug|ARM.ActiveCfg = Debug|Any CPU
		{236C3E19-26D1-4C90-AF3D-A44696B641DE}.Debug|ARM64.ActiveCfg = Debug|Any CPU
		{236C3E19-26D1-4C90-AF3D-A44696B641DE}.Debug|ARM64.Build.0 = Debug|Any CPU
		{236C3E19-26D1-4C90-AF3D-A44696B641DE}.Debug|x64.ActiveCfg = Debug|Any CPU
		{236C3E19-26D1-4C90-AF3D-A44696B641DE}.Debug|x86.ActiveCfg = Debug|Any CPU
		{236C3E19-26D1-4C90-AF3D-A44696B641DE}.Release|Any CPU.ActiveCfg = Release|Any CPU
		{236C3E19-26D1-4C90-AF3D-A44696B641DE}.Release|Any CPU.Build.0 = Release|Any CPU
		{236C3E19-26D1-4C90-AF3D-A44696B641DE}.Release|ARM.ActiveCfg = Release|Any CPU
		{236C3E19-26D1-4C90-AF3D-A44696B641DE}.Release|ARM64.ActiveCfg = Release|Any CPU
		{236C3E19-26D1-4C90-AF3D-A44696B641DE}.Release|ARM64.Build.0 = Release|Any CPU
		{236C3E19-26D1-4C90-AF3D-A44696B641DE}.Release|x64.ActiveCfg = Release|Any CPU
		{236C3E19-26D1-4C90-AF3D-A44696B641DE}.Release|x86.ActiveCfg = Release|Any CPU
		{4AB4B0DB-780C-48B9-A642-8E527353D957}.Debug|Any CPU.ActiveCfg = Debug|Any CPU
		{4AB4B0DB-780C-48B9-A642-8E527353D957}.Debug|Any CPU.Build.0 = Debug|Any CPU
		{4AB4B0DB-780C-48B9-A642-8E527353D957}.Debug|ARM.ActiveCfg = Debug|Any CPU
		{4AB4B0DB-780C-48B9-A642-8E527353D957}.Debug|ARM64.ActiveCfg = Debug|Any CPU
		{4AB4B0DB-780C-48B9-A642-8E527353D957}.Debug|x64.ActiveCfg = Debug|Any CPU
		{4AB4B0DB-780C-48B9-A642-8E527353D957}.Debug|x86.ActiveCfg = Debug|Any CPU
		{4AB4B0DB-780C-48B9-A642-8E527353D957}.Release|Any CPU.ActiveCfg = Release|Any CPU
		{4AB4B0DB-780C-48B9-A642-8E527353D957}.Release|Any CPU.Build.0 = Release|Any CPU
		{4AB4B0DB-780C-48B9-A642-8E527353D957}.Release|ARM.ActiveCfg = Release|Any CPU
		{4AB4B0DB-780C-48B9-A642-8E527353D957}.Release|ARM64.ActiveCfg = Release|Any CPU
		{4AB4B0DB-780C-48B9-A642-8E527353D957}.Release|x64.ActiveCfg = Release|Any CPU
		{4AB4B0DB-780C-48B9-A642-8E527353D957}.Release|x86.ActiveCfg = Release|Any CPU
		{BE0FB0DA-8BC0-4604-B865-F0DFC7E9FF10}.Debug|Any CPU.ActiveCfg = Debug|Any CPU
		{BE0FB0DA-8BC0-4604-B865-F0DFC7E9FF10}.Debug|Any CPU.Build.0 = Debug|Any CPU
		{BE0FB0DA-8BC0-4604-B865-F0DFC7E9FF10}.Debug|ARM.ActiveCfg = Debug|Any CPU
		{BE0FB0DA-8BC0-4604-B865-F0DFC7E9FF10}.Debug|ARM64.ActiveCfg = Debug|Any CPU
		{BE0FB0DA-8BC0-4604-B865-F0DFC7E9FF10}.Debug|ARM64.Build.0 = Debug|Any CPU
		{BE0FB0DA-8BC0-4604-B865-F0DFC7E9FF10}.Debug|x64.ActiveCfg = Debug|Any CPU
		{BE0FB0DA-8BC0-4604-B865-F0DFC7E9FF10}.Debug|x86.ActiveCfg = Debug|Any CPU
		{BE0FB0DA-8BC0-4604-B865-F0DFC7E9FF10}.Release|Any CPU.ActiveCfg = Release|Any CPU
		{BE0FB0DA-8BC0-4604-B865-F0DFC7E9FF10}.Release|Any CPU.Build.0 = Release|Any CPU
		{BE0FB0DA-8BC0-4604-B865-F0DFC7E9FF10}.Release|ARM.ActiveCfg = Release|Any CPU
		{BE0FB0DA-8BC0-4604-B865-F0DFC7E9FF10}.Release|ARM64.ActiveCfg = Release|Any CPU
		{BE0FB0DA-8BC0-4604-B865-F0DFC7E9FF10}.Release|ARM64.Build.0 = Release|Any CPU
		{BE0FB0DA-8BC0-4604-B865-F0DFC7E9FF10}.Release|x64.ActiveCfg = Release|Any CPU
		{BE0FB0DA-8BC0-4604-B865-F0DFC7E9FF10}.Release|x86.ActiveCfg = Release|Any CPU
		{91F912AF-424B-4D39-A245-DB3C61384041}.Debug|Any CPU.ActiveCfg = Debug|Any CPU
		{91F912AF-424B-4D39-A245-DB3C61384041}.Debug|Any CPU.Build.0 = Debug|Any CPU
		{91F912AF-424B-4D39-A245-DB3C61384041}.Debug|ARM.ActiveCfg = Debug|ARM
		{91F912AF-424B-4D39-A245-DB3C61384041}.Debug|ARM.Build.0 = Debug|ARM
		{91F912AF-424B-4D39-A245-DB3C61384041}.Debug|ARM64.ActiveCfg = Debug|Any CPU
		{91F912AF-424B-4D39-A245-DB3C61384041}.Debug|ARM64.Build.0 = Debug|Any CPU
		{91F912AF-424B-4D39-A245-DB3C61384041}.Debug|x64.ActiveCfg = Debug|x64
		{91F912AF-424B-4D39-A245-DB3C61384041}.Debug|x64.Build.0 = Debug|x64
		{91F912AF-424B-4D39-A245-DB3C61384041}.Debug|x86.ActiveCfg = Debug|x86
		{91F912AF-424B-4D39-A245-DB3C61384041}.Debug|x86.Build.0 = Debug|x86
		{91F912AF-424B-4D39-A245-DB3C61384041}.Release|Any CPU.ActiveCfg = Release|Any CPU
		{91F912AF-424B-4D39-A245-DB3C61384041}.Release|Any CPU.Build.0 = Release|Any CPU
		{91F912AF-424B-4D39-A245-DB3C61384041}.Release|ARM.ActiveCfg = Release|ARM
		{91F912AF-424B-4D39-A245-DB3C61384041}.Release|ARM.Build.0 = Release|ARM
		{91F912AF-424B-4D39-A245-DB3C61384041}.Release|ARM64.ActiveCfg = Release|Any CPU
		{91F912AF-424B-4D39-A245-DB3C61384041}.Release|ARM64.Build.0 = Release|Any CPU
		{91F912AF-424B-4D39-A245-DB3C61384041}.Release|x64.ActiveCfg = Release|x64
		{91F912AF-424B-4D39-A245-DB3C61384041}.Release|x64.Build.0 = Release|x64
		{91F912AF-424B-4D39-A245-DB3C61384041}.Release|x86.ActiveCfg = Release|x86
		{91F912AF-424B-4D39-A245-DB3C61384041}.Release|x86.Build.0 = Release|x86
		{FA286411-E476-4BD0-ABE9-7AE69226069C}.Debug|Any CPU.ActiveCfg = Debug|Any CPU
		{FA286411-E476-4BD0-ABE9-7AE69226069C}.Debug|Any CPU.Build.0 = Debug|Any CPU
		{FA286411-E476-4BD0-ABE9-7AE69226069C}.Debug|ARM.ActiveCfg = Debug|Any CPU
		{FA286411-E476-4BD0-ABE9-7AE69226069C}.Debug|ARM.Build.0 = Debug|Any CPU
		{FA286411-E476-4BD0-ABE9-7AE69226069C}.Debug|ARM64.ActiveCfg = Debug|Any CPU
		{FA286411-E476-4BD0-ABE9-7AE69226069C}.Debug|ARM64.Build.0 = Debug|Any CPU
		{FA286411-E476-4BD0-ABE9-7AE69226069C}.Debug|x64.ActiveCfg = Debug|Any CPU
		{FA286411-E476-4BD0-ABE9-7AE69226069C}.Debug|x64.Build.0 = Debug|Any CPU
		{FA286411-E476-4BD0-ABE9-7AE69226069C}.Debug|x86.ActiveCfg = Debug|Any CPU
		{FA286411-E476-4BD0-ABE9-7AE69226069C}.Debug|x86.Build.0 = Debug|Any CPU
		{FA286411-E476-4BD0-ABE9-7AE69226069C}.Release|Any CPU.ActiveCfg = Release|Any CPU
		{FA286411-E476-4BD0-ABE9-7AE69226069C}.Release|Any CPU.Build.0 = Release|Any CPU
		{FA286411-E476-4BD0-ABE9-7AE69226069C}.Release|ARM.ActiveCfg = Release|Any CPU
		{FA286411-E476-4BD0-ABE9-7AE69226069C}.Release|ARM.Build.0 = Release|Any CPU
		{FA286411-E476-4BD0-ABE9-7AE69226069C}.Release|ARM64.ActiveCfg = Release|Any CPU
		{FA286411-E476-4BD0-ABE9-7AE69226069C}.Release|ARM64.Build.0 = Release|Any CPU
		{FA286411-E476-4BD0-ABE9-7AE69226069C}.Release|x64.ActiveCfg = Release|Any CPU
		{FA286411-E476-4BD0-ABE9-7AE69226069C}.Release|x64.Build.0 = Release|Any CPU
		{FA286411-E476-4BD0-ABE9-7AE69226069C}.Release|x86.ActiveCfg = Release|Any CPU
		{FA286411-E476-4BD0-ABE9-7AE69226069C}.Release|x86.Build.0 = Release|Any CPU
		{B6C7F5EA-40E4-4869-AC9D-9A06310F02C4}.Debug|Any CPU.ActiveCfg = Debug|x86
		{B6C7F5EA-40E4-4869-AC9D-9A06310F02C4}.Debug|ARM.ActiveCfg = Debug|ARM
		{B6C7F5EA-40E4-4869-AC9D-9A06310F02C4}.Debug|ARM.Build.0 = Debug|ARM
		{B6C7F5EA-40E4-4869-AC9D-9A06310F02C4}.Debug|ARM.Deploy.0 = Debug|ARM
		{B6C7F5EA-40E4-4869-AC9D-9A06310F02C4}.Debug|ARM64.ActiveCfg = Debug|ARM64
		{B6C7F5EA-40E4-4869-AC9D-9A06310F02C4}.Debug|ARM64.Build.0 = Debug|ARM64
		{B6C7F5EA-40E4-4869-AC9D-9A06310F02C4}.Debug|ARM64.Deploy.0 = Debug|ARM64
		{B6C7F5EA-40E4-4869-AC9D-9A06310F02C4}.Debug|x64.ActiveCfg = Debug|x64
		{B6C7F5EA-40E4-4869-AC9D-9A06310F02C4}.Debug|x64.Build.0 = Debug|x64
		{B6C7F5EA-40E4-4869-AC9D-9A06310F02C4}.Debug|x64.Deploy.0 = Debug|x64
		{B6C7F5EA-40E4-4869-AC9D-9A06310F02C4}.Debug|x86.ActiveCfg = Debug|x86
		{B6C7F5EA-40E4-4869-AC9D-9A06310F02C4}.Debug|x86.Build.0 = Debug|x86
		{B6C7F5EA-40E4-4869-AC9D-9A06310F02C4}.Debug|x86.Deploy.0 = Debug|x86
		{B6C7F5EA-40E4-4869-AC9D-9A06310F02C4}.Release|Any CPU.ActiveCfg = Release|x86
		{B6C7F5EA-40E4-4869-AC9D-9A06310F02C4}.Release|ARM.ActiveCfg = Release|ARM
		{B6C7F5EA-40E4-4869-AC9D-9A06310F02C4}.Release|ARM.Build.0 = Release|ARM
		{B6C7F5EA-40E4-4869-AC9D-9A06310F02C4}.Release|ARM.Deploy.0 = Release|ARM
		{B6C7F5EA-40E4-4869-AC9D-9A06310F02C4}.Release|ARM64.ActiveCfg = Release|ARM64
		{B6C7F5EA-40E4-4869-AC9D-9A06310F02C4}.Release|ARM64.Build.0 = Release|ARM64
		{B6C7F5EA-40E4-4869-AC9D-9A06310F02C4}.Release|ARM64.Deploy.0 = Release|ARM64
		{B6C7F5EA-40E4-4869-AC9D-9A06310F02C4}.Release|x64.ActiveCfg = Release|x64
		{B6C7F5EA-40E4-4869-AC9D-9A06310F02C4}.Release|x64.Build.0 = Release|x64
		{B6C7F5EA-40E4-4869-AC9D-9A06310F02C4}.Release|x64.Deploy.0 = Release|x64
		{B6C7F5EA-40E4-4869-AC9D-9A06310F02C4}.Release|x86.ActiveCfg = Release|x86
		{B6C7F5EA-40E4-4869-AC9D-9A06310F02C4}.Release|x86.Build.0 = Release|x86
		{B6C7F5EA-40E4-4869-AC9D-9A06310F02C4}.Release|x86.Deploy.0 = Release|x86
	EndGlobalSection
	GlobalSection(SolutionProperties) = preSolution
		HideSolutionNode = FALSE
	EndGlobalSection
	GlobalSection(NestedProjects) = preSolution
		{236C3E19-26D1-4C90-AF3D-A44696B641DE} = {C1E46203-E3D8-47EE-B26F-39013E9F102C}
		{4AB4B0DB-780C-48B9-A642-8E527353D957} = {5AF34993-CF54-45A1-A3E1-5EFDC7794BC1}
		{BE0FB0DA-8BC0-4604-B865-F0DFC7E9FF10} = {C1E46203-E3D8-47EE-B26F-39013E9F102C}
		{91F912AF-424B-4D39-A245-DB3C61384041} = {5AF34993-CF54-45A1-A3E1-5EFDC7794BC1}
		{B6C7F5EA-40E4-4869-AC9D-9A06310F02C4} = {C1E46203-E3D8-47EE-B26F-39013E9F102C}
	EndGlobalSection
	GlobalSection(ExtensibilityGlobals) = postSolution
		SolutionGuid = {FC5EFBB4-E611-407E-A5E3-D0E88A6D5DCC}
	EndGlobalSection
EndGlobal
